{
  "originHash" : "e40453f255972f2adb0f33250af4e476e200db7a859c265a0a38128f8037557b",
  "pins" : [
    {
      "identity" : "germconvenience",
      "kind" : "remoteSourceControl",
      "location" : "https://github.com/germ-network/GermConvenience.git",
      "state" : {
        "revision" : "f907c9018dd4c2f0110ab5f1f37c7c53fa0ae6ca"
      }
    },
    {
      "identity" : "swift-asn1",
      "kind" : "remoteSourceControl",
      "location" : "https://github.com/apple/swift-asn1.git",
      "state" : {
        "revision" : "d9a5b37470adc940d22c3bcd5ca6953a516b727f",
        "version" : "1.7.2"
      }
    },
    {
      "identity" : "swift-crypto",
      "kind" : "remoteSourceControl",
      "location" : "https://github.com/apple/swift-crypto.git",
      "state" : {
        "revision" : "a9d1d5ab8951ada40cafff8c8e2b551dfde4f390",
        "version" : "5.0.0"
      }
    },
    {
      "identity" : "swift-http-types",
      "kind" : "remoteSourceControl",
      "location" : "https://github.com/apple/swift-http-types.git",
      "state" : {
        "revision" : "bff4b6903cdc99dda49649dd52f46c11cfd3ed50",
        "version" : "1.8.0"
      }
    },
    {
      "identity" : "swift-mls",
      "kind" : "remoteSourceControl",
      "location" : "https://github.com/germ-network/swift-mls.git",
      "state" : {
        "revision" : "9182f8755690c2129b57f8ba5b8ef549c57cb9ab"
      }
    },
    {
      "identity" : "swift-secret-bytes",
      "kind" : "remoteSourceControl",
      "location" : "https://github.com/germ-network/swift-secret-bytes.git",
      "state" : {
        "revision" : "8cadb9c25f855f6c1db4985c97a28af4dcf391dc",
        "version" : "0.5.0"
      }
    }
  ],
  "version" : 3
}
