{
  "originHash" : "34edea323bc8e4731246414d6587fa865febdc39b79b3f961a938308dec2e926",
  "pins" : [
    {
      "identity" : "germconvenience",
      "kind" : "remoteSourceControl",
      "location" : "https://github.com/germ-network/GermConvenience.git",
      "state" : {
        "revision" : "305053c5194bfd129a3feda8fe214ec33addee03",
        "version" : "0.10.0"
      }
    },
    {
      "identity" : "swift-asn1",
      "kind" : "remoteSourceControl",
      "location" : "https://github.com/apple/swift-asn1.git",
      "state" : {
        "revision" : "d9a5b37470adc940d22c3bcd5ca6953a516b727f",
        "version" : "1.7.2"
      }
    },
    {
      "identity" : "swift-crypto",
      "kind" : "remoteSourceControl",
      "location" : "https://github.com/apple/swift-crypto.git",
      "state" : {
        "revision" : "a9d1d5ab8951ada40cafff8c8e2b551dfde4f390",
        "version" : "5.0.0"
      }
    },
    {
      "identity" : "swift-http-types",
      "kind" : "remoteSourceControl",
      "location" : "https://github.com/apple/swift-http-types.git",
      "state" : {
        "revision" : "bff4b6903cdc99dda49649dd52f46c11cfd3ed50",
        "version" : "1.8.0"
      }
    },
    {
      "identity" : "swift-mls",
      "kind" : "remoteSourceControl",
      "location" : "https://github.com/germ-network/swift-mls.git",
      "state" : {
        "revision" : "c6bd2c1521174b0fa3efdde512fa1baeb4ba3cfc"
      }
    },
    {
      "identity" : "swift-secret-bytes",
      "kind" : "remoteSourceControl",
      "location" : "https://github.com/germ-network/swift-secret-bytes.git",
      "state" : {
        "revision" : "8cadb9c25f855f6c1db4985c97a28af4dcf391dc",
        "version" : "0.5.0"
      }
    }
  ],
  "version" : 3
}
