{
  "originHash" : "77affa10be1f19a03221cd512bc3fdfd97e3839d6488a7a1f9e85e1c81c62047",
  "pins" : [
    {
      "identity" : "germconvenience",
      "kind" : "remoteSourceControl",
      "location" : "https://github.com/germ-network/GermConvenience.git",
      "state" : {
        "revision" : "305053c5194bfd129a3feda8fe214ec33addee03",
        "version" : "0.10.0"
      }
    },
    {
      "identity" : "swift-asn1",
      "kind" : "remoteSourceControl",
      "location" : "https://github.com/apple/swift-asn1.git",
      "state" : {
        "revision" : "d9a5b37470adc940d22c3bcd5ca6953a516b727f",
        "version" : "1.7.2"
      }
    },
    {
      "identity" : "swift-crypto",
      "kind" : "remoteSourceControl",
      "location" : "https://github.com/apple/swift-crypto.git",
      "state" : {
        "revision" : "a9d1d5ab8951ada40cafff8c8e2b551dfde4f390",
        "version" : "5.0.0"
      }
    },
    {
      "identity" : "swift-http-types",
      "kind" : "remoteSourceControl",
      "location" : "https://github.com/apple/swift-http-types.git",
      "state" : {
        "revision" : "bff4b6903cdc99dda49649dd52f46c11cfd3ed50",
        "version" : "1.8.0"
      }
    },
    {
      "identity" : "swift-mls",
      "kind" : "remoteSourceControl",
      "location" : "https://github.com/germ-network/swift-mls.git",
      "state" : {
        "revision" : "b809eb1ef46b4e908efd689a5ecfc959c3a88035",
        "version" : "0.1.6"
      }
    },
    {
      "identity" : "swift-secret-bytes",
      "kind" : "remoteSourceControl",
      "location" : "https://github.com/germ-network/swift-secret-bytes.git",
      "state" : {
        "revision" : "4f7d36ba92cc594bd5487d9053c39b05fe9e0105",
        "version" : "0.7.1"
      }
    }
  ],
  "version" : 3
}
